
Microsoft Visual Studio Solution File, Format Version 12.00
# Visual Studio Version 16
VisualStudioVersion = 16.0.30413.136
MinimumVisualStudioVersion = 10.0.40219.1
Project("{FAE04EC0-301F-11D3-BF4B-00C04F79EFBC}") = "SaeedMuhammad", "SaeedMuhammad\SaeedMuhammad.csproj", "{13DB403E-BE79-43FF-BB34-DBC12A7EC1C0}"
EndProject
Global
	GlobalSection(SolutionConfigurationPlatforms) = preSolution
		Debug|Any CPU = Debug|Any CPU
		Release|Any CPU = Release|Any CPU
	EndGlobalSection
	GlobalSection(ProjectConfigurationPlatforms) = postSolution
		{13DB403E-BE79-43FF-BB34-DBC12A7EC1C0}.Debug|Any CPU.ActiveCfg = Debug|Any CPU
		{13DB403E-BE79-43FF-BB34-DBC12A7EC1C0}.Debug|Any CPU.Build.0 = Debug|Any CPU
		{13DB403E-BE79-43FF-BB34-DBC12A7EC1C0}.Release|Any CPU.ActiveCfg = Release|Any CPU
		{13DB403E-BE79-43FF-BB34-DBC12A7EC1C0}.Release|Any CPU.Build.0 = Release|Any CPU
	EndGlobalSection
	GlobalSection(SolutionProperties) = preSolution
		HideSolutionNode = FALSE
	EndGlobalSection
	GlobalSection(ExtensibilityGlobals) = postSolution
		SolutionGuid = {D62C8172-8BB4-419E-B039-3FCFB4F6F135}
	EndGlobalSection
EndGlobal
